
Microsoft Visual Studio Solution File, Format Version 12.00
# Visual Studio Version 16
VisualStudioVersion = 16.0.30907.101
MinimumVisualStudioVersion = 10.0.40219.1
Project("{FAE04EC0-301F-11D3-BF4B-00C04F79EFBC}") = "BlazorAccessServerDirectories.Server", "Server\BlazorAccessServerDirectories.Server.csproj", "{1306FED5-537F-4F36-B96C-D131D299B5F9}"
EndProject
Project("{FAE04EC0-301F-11D3-BF4B-00C04F79EFBC}") = "BlazorAccessServerDirectories.Client", "Client\BlazorAccessServerDirectories.Client.csproj", "{837A764D-DA1F-434F-8268-66634373C187}"
EndProject
Project("{FAE04EC0-301F-11D3-BF4B-00C04F79EFBC}") = "BlazorAccessServerDirectories.Shared", "Shared\BlazorAccessServerDirectories.Shared.csproj", "{7E3952F4-3874-454E-A8D0-3268C7E8A3A3}"
EndProject
Global
	GlobalSection(SolutionConfigurationPlatforms) = preSolution
		Debug|Any CPU = Debug|Any CPU
		Release|Any CPU = Release|Any CPU
	EndGlobalSection
	GlobalSection(ProjectConfigurationPlatforms) = postSolution
		{1306FED5-537F-4F36-B96C-D131D299B5F9}.Debug|Any CPU.ActiveCfg = Debug|Any CPU
		{1306FED5-537F-4F36-B96C-D131D299B5F9}.Debug|Any CPU.Build.0 = Debug|Any CPU
		{1306FED5-537F-4F36-B96C-D131D299B5F9}.Release|Any CPU.ActiveCfg = Release|Any CPU
		{1306FED5-537F-4F36-B96C-D131D299B5F9}.Release|Any CPU.Build.0 = Release|Any CPU
		{837A764D-DA1F-434F-8268-66634373C187}.Debug|Any CPU.ActiveCfg = Debug|Any CPU
		{837A764D-DA1F-434F-8268-66634373C187}.Debug|Any CPU.Build.0 = Debug|Any CPU
		{837A764D-DA1F-434F-8268-66634373C187}.Release|Any CPU.ActiveCfg = Release|Any CPU
		{837A764D-DA1F-434F-8268-66634373C187}.Release|Any CPU.Build.0 = Release|Any CPU
		{7E3952F4-3874-454E-A8D0-3268C7E8A3A3}.Debug|Any CPU.ActiveCfg = Debug|Any CPU
		{7E3952F4-3874-454E-A8D0-3268C7E8A3A3}.Debug|Any CPU.Build.0 = Debug|Any CPU
		{7E3952F4-3874-454E-A8D0-3268C7E8A3A3}.Release|Any CPU.ActiveCfg = Release|Any CPU
		{7E3952F4-3874-454E-A8D0-3268C7E8A3A3}.Release|Any CPU.Build.0 = Release|Any CPU
	EndGlobalSection
	GlobalSection(SolutionProperties) = preSolution
		HideSolutionNode = FALSE
	EndGlobalSection
	GlobalSection(ExtensibilityGlobals) = postSolution
		SolutionGuid = {B45DCE54-0948-4BDA-8596-DAC590823312}
	EndGlobalSection
EndGlobal
